
Microsoft Visual Studio Solution File, Format Version 12.00
# Visual Studio 2013
VisualStudioVersion = 12.0.40629.0
MinimumVisualStudioVersion = 10.0.40219.1
Project("{2150E333-8FDC-42A3-9474-1A3956D46DE8}") = ".nuget", ".nuget", "{3A4D6C20-B124-4C71-AA7D-B1B49DC96FCC}"
	ProjectSection(SolutionItems) = preProject
		.nuget\NuGet.Config = .nuget\NuGet.Config
		.nuget\NuGet.exe = .nuget\NuGet.exe
		.nuget\NuGet.targets = .nuget\NuGet.targets
	EndProjectSection
EndProject
Project("{FAE04EC0-301F-11D3-BF4B-00C04F79EFBC}") = "DrSharp.Web", "DrSharp.Web\DrSharp.Web.csproj", "{00578FA8-84C4-4112-9DF6-B0B16EFC8AAE}"
EndProject
Project("{FAE04EC0-301F-11D3-BF4B-00C04F79EFBC}") = "DrSharp.Domain", "DrSharp.Domain\DrSharp.Domain.csproj", "{E288176D-19B2-429E-A86A-45540D952D53}"
EndProject
Project("{FAE04EC0-301F-11D3-BF4B-00C04F79EFBC}") = "DrSharp.Tests", "DrSharp.Tests\DrSharp.Tests.csproj", "{6493301D-9C4C-42B5-9FDD-D8F6F2FEBCA3}"
EndProject
Project("{FAE04EC0-301F-11D3-BF4B-00C04F79EFBC}") = "AIMLbot", "AIMLbot\AIMLbot.csproj", "{9C87D82C-0E27-4995-A2CB-72BCB84EF2E2}"
EndProject
Global
	GlobalSection(SolutionConfigurationPlatforms) = preSolution
		Debug|Any CPU = Debug|Any CPU
		Release|Any CPU = Release|Any CPU
	EndGlobalSection
	GlobalSection(ProjectConfigurationPlatforms) = postSolution
		{00578FA8-84C4-4112-9DF6-B0B16EFC8AAE}.Debug|Any CPU.ActiveCfg = Debug|Any CPU
		{00578FA8-84C4-4112-9DF6-B0B16EFC8AAE}.Debug|Any CPU.Build.0 = Debug|Any CPU
		{00578FA8-84C4-4112-9DF6-B0B16EFC8AAE}.Release|Any CPU.ActiveCfg = Release|Any CPU
		{00578FA8-84C4-4112-9DF6-B0B16EFC8AAE}.Release|Any CPU.Build.0 = Release|Any CPU
		{E288176D-19B2-429E-A86A-45540D952D53}.Debug|Any CPU.ActiveCfg = Debug|Any CPU
		{E288176D-19B2-429E-A86A-45540D952D53}.Debug|Any CPU.Build.0 = Debug|Any CPU
		{E288176D-19B2-429E-A86A-45540D952D53}.Release|Any CPU.ActiveCfg = Release|Any CPU
		{E288176D-19B2-429E-A86A-45540D952D53}.Release|Any CPU.Build.0 = Release|Any CPU
		{6493301D-9C4C-42B5-9FDD-D8F6F2FEBCA3}.Debug|Any CPU.ActiveCfg = Debug|Any CPU
		{6493301D-9C4C-42B5-9FDD-D8F6F2FEBCA3}.Debug|Any CPU.Build.0 = Debug|Any CPU
		{6493301D-9C4C-42B5-9FDD-D8F6F2FEBCA3}.Release|Any CPU.ActiveCfg = Release|Any CPU
		{6493301D-9C4C-42B5-9FDD-D8F6F2FEBCA3}.Release|Any CPU.Build.0 = Release|Any CPU
		{9C87D82C-0E27-4995-A2CB-72BCB84EF2E2}.Debug|Any CPU.ActiveCfg = Debug|Any CPU
		{9C87D82C-0E27-4995-A2CB-72BCB84EF2E2}.Debug|Any CPU.Build.0 = Debug|Any CPU
		{9C87D82C-0E27-4995-A2CB-72BCB84EF2E2}.Release|Any CPU.ActiveCfg = Release|Any CPU
		{9C87D82C-0E27-4995-A2CB-72BCB84EF2E2}.Release|Any CPU.Build.0 = Release|Any CPU
	EndGlobalSection
	GlobalSection(SolutionProperties) = preSolution
		HideSolutionNode = FALSE
	EndGlobalSection
EndGlobal
